
Microsoft Visual Studio Solution File, Format Version 12.00
# Visual Studio Version 16
VisualStudioVersion = 16.0.29020.237
MinimumVisualStudioVersion = 10.0.40219.1
Project("{FAE04EC0-301F-11D3-BF4B-00C04F79EFBC}") = "Avarias", "Avarias\Avarias.csproj", "{D34A7BF7-6EED-406A-B931-0CA5817AAECF}"
EndProject
Global
	GlobalSection(SolutionConfigurationPlatforms) = preSolution
		Debug|Any CPU = Debug|Any CPU
		Release|Any CPU = Release|Any CPU
	EndGlobalSection
	GlobalSection(ProjectConfigurationPlatforms) = postSolution
		{D34A7BF7-6EED-406A-B931-0CA5817AAECF}.Debug|Any CPU.ActiveCfg = Debug|Any CPU
		{D34A7BF7-6EED-406A-B931-0CA5817AAECF}.Debug|Any CPU.Build.0 = Debug|Any CPU
		{D34A7BF7-6EED-406A-B931-0CA5817AAECF}.Release|Any CPU.ActiveCfg = Release|Any CPU
		{D34A7BF7-6EED-406A-B931-0CA5817AAECF}.Release|Any CPU.Build.0 = Release|Any CPU
	EndGlobalSection
	GlobalSection(SolutionProperties) = preSolution
		HideSolutionNode = FALSE
	EndGlobalSection
	GlobalSection(ExtensibilityGlobals) = postSolution
		SolutionGuid = {4B57392F-C27B-4DB5-9EDE-390B5B486960}
	EndGlobalSection
EndGlobal
